
Microsoft Visual Studio Solution File, Format Version 12.00
# Visual Studio Version 16
VisualStudioVersion = 16.0.810.11
MinimumVisualStudioVersion = 10.0.40219.1
Project("{FAE04EC0-301F-11D3-BF4B-00C04F79EFBC}") = "Team24_Final_Project", "Team24_Final_Project\Team24_Final_Project.csproj", "{27F4695E-A2A7-4A41-8456-4D6D9F95A19B}"
EndProject
Global
	GlobalSection(SolutionConfigurationPlatforms) = preSolution
		Debug|Any CPU = Debug|Any CPU
		Release|Any CPU = Release|Any CPU
	EndGlobalSection
	GlobalSection(ProjectConfigurationPlatforms) = postSolution
		{27F4695E-A2A7-4A41-8456-4D6D9F95A19B}.Debug|Any CPU.ActiveCfg = Debug|Any CPU
		{27F4695E-A2A7-4A41-8456-4D6D9F95A19B}.Debug|Any CPU.Build.0 = Debug|Any CPU
		{27F4695E-A2A7-4A41-8456-4D6D9F95A19B}.Release|Any CPU.ActiveCfg = Release|Any CPU
		{27F4695E-A2A7-4A41-8456-4D6D9F95A19B}.Release|Any CPU.Build.0 = Release|Any CPU
	EndGlobalSection
	GlobalSection(SolutionProperties) = preSolution
		HideSolutionNode = FALSE
	EndGlobalSection
	GlobalSection(ExtensibilityGlobals) = postSolution
		SolutionGuid = {4D89C78C-EB5B-4096-8C46-3BA4BDA69EE8}
	EndGlobalSection
EndGlobal
